
Microsoft Visual Studio Solution File, Format Version 12.00
# Visual Studio Version 17
VisualStudioVersion = 17.6.33829.357
MinimumVisualStudioVersion = 10.0.40219.1
Project("{FAE04EC0-301F-11D3-BF4B-00C04F79EFBC}") = "consulta a la base de dato", "consulta a la base de dato.csproj", "{3FF254B2-9C55-4E4D-89FC-3F9ED147B266}"
EndProject
Global
	GlobalSection(SolutionConfigurationPlatforms) = preSolution
		Debug|Any CPU = Debug|Any CPU
		Release|Any CPU = Release|Any CPU
	EndGlobalSection
	GlobalSection(ProjectConfigurationPlatforms) = postSolution
		{3FF254B2-9C55-4E4D-89FC-3F9ED147B266}.Debug|Any CPU.ActiveCfg = Debug|Any CPU
		{3FF254B2-9C55-4E4D-89FC-3F9ED147B266}.Debug|Any CPU.Build.0 = Debug|Any CPU
		{3FF254B2-9C55-4E4D-89FC-3F9ED147B266}.Release|Any CPU.ActiveCfg = Release|Any CPU
		{3FF254B2-9C55-4E4D-89FC-3F9ED147B266}.Release|Any CPU.Build.0 = Release|Any CPU
	EndGlobalSection
	GlobalSection(SolutionProperties) = preSolution
		HideSolutionNode = FALSE
	EndGlobalSection
	GlobalSection(ExtensibilityGlobals) = postSolution
		SolutionGuid = {726967C7-88A7-461E-BF49-0F720172BD1C}
	EndGlobalSection
EndGlobal
